
Microsoft Visual Studio Solution File, Format Version 12.00
# Visual Studio Version 16
VisualStudioVersion = 16.0.31313.79
MinimumVisualStudioVersion = 10.0.40219.1
Project("{FAE04EC0-301F-11D3-BF4B-00C04F79EFBC}") = "Anonim functions", "Anonim functions\Anonim functions.csproj", "{4EFDD3C5-983C-48CE-90E9-95E8D2404EFF}"
EndProject
Global
	GlobalSection(SolutionConfigurationPlatforms) = preSolution
		Debug|Any CPU = Debug|Any CPU
		Release|Any CPU = Release|Any CPU
	EndGlobalSection
	GlobalSection(ProjectConfigurationPlatforms) = postSolution
		{4EFDD3C5-983C-48CE-90E9-95E8D2404EFF}.Debug|Any CPU.ActiveCfg = Debug|Any CPU
		{4EFDD3C5-983C-48CE-90E9-95E8D2404EFF}.Debug|Any CPU.Build.0 = Debug|Any CPU
		{4EFDD3C5-983C-48CE-90E9-95E8D2404EFF}.Release|Any CPU.ActiveCfg = Release|Any CPU
		{4EFDD3C5-983C-48CE-90E9-95E8D2404EFF}.Release|Any CPU.Build.0 = Release|Any CPU
	EndGlobalSection
	GlobalSection(SolutionProperties) = preSolution
		HideSolutionNode = FALSE
	EndGlobalSection
	GlobalSection(ExtensibilityGlobals) = postSolution
		SolutionGuid = {4FB4E84D-16FB-4973-ADC3-8BDE23F06ECC}
	EndGlobalSection
EndGlobal
